// !$*UTF8*$!
{
	archiveVersion = 1;
	classes = {
	};
	objectVersion = 56;
	objects = {

/* Begin PBXBuildFile section */
		D307575A29229CC20093B2BB /* TasksDemoApp.swift in Sources */ = {isa = PBXBuildFile; fileRef = D307575929229CC20093B2BB /* TasksDemoApp.swift */; };
		D307575C29229CC20093B2BB /* ContentView.swift in Sources */ = {isa = PBXBuildFile; fileRef = D307575B29229CC20093B2BB /* ContentView.swift */; };
		D307575E29229CC30093B2BB /* Assets.xcassets in Resources */ = {isa = PBXBuildFile; fileRef = D307575D29229CC30093B2BB /* Assets.xcassets */; };
		D307576129229CC30093B2BB /* Preview Assets.xcassets in Resources */ = {isa = PBXBuildFile; fileRef = D307576029229CC30093B2BB /* Preview Assets.xcassets */; };
		D307578429229D5A0093B2BB /* TaskBootcamp.swift in Sources */ = {isa = PBXBuildFile; fileRef = D307578329229D5A0093B2BB /* TaskBootcamp.swift */; };
/* End PBXBuildFile section */

/* Begin PBXContainerItemProxy section */
		D307576729229CC30093B2BB /* PBXContainerItemProxy */ = {
			isa = PBXContainerItemProxy;
			containerPortal = D307574E29229CC20093B2BB /* Project object */;
			proxyType = 1;
			remoteGlobalIDString = D307575529229CC20093B2BB;
			remoteInfo = TasksDemo;
		};
		D307577129229CC30093B2BB /* PBXContainerItemProxy */ = {
			isa = PBXContainerItemProxy;
			containerPortal = D307574E29229CC20093B2BB /* Project object */;
			proxyType = 1;
			remoteGlobalIDString = D307575529229CC20093B2BB;
			remoteInfo = TasksDemo;
		};
/* End PBXContainerItemProxy section */

/* Begin PBXFileReference section */
		D307575629229CC20093B2BB /* TasksDemo.app */ = {isa = PBXFileReference; explicitFileType = wrapper.application; includeInIndex = 0; path = TasksDemo.app; sourceTree = BUILT_PRODUCTS_DIR; };
		D307575929229CC20093B2BB /* TasksDemoApp.swift */ = {isa = PBXFileReference; lastKnownFileType = sourcecode.swift; path = TasksDemoApp.swift; sourceTree = "<group>"; };
		D307575B29229CC20093B2BB /* ContentView.swift */ = {isa = PBXFileReference; lastKnownFileType = sourcecode.swift; path = ContentView.swift; sourceTree = "<group>"; };
		D307575D29229CC30093B2BB /* Assets.xcassets */ = {isa = PBXFileReference; lastKnownFileType = folder.assetcatalog; path = Assets.xcassets; sourceTree = "<group>"; };
		D307576029229CC30093B2BB /* Preview Assets.xcassets */ = {isa = PBXFileReference; lastKnownFileType = folder.assetcatalog; path = "Preview Assets.xcassets"; sourceTree = "<group>"; };
		D307576629229CC30093B2BB /* TasksDemoTests.xctest */ = {isa = PBXFileReference; explicitFileType = wrapper.cfbundle; includeInIndex = 0; path = TasksDemoTests.xctest; sourceTree = BUILT_PRODUCTS_DIR; };
		D307577029229CC30093B2BB /* TasksDemoUITests.xctest */ = {isa = PBXFileReference; explicitFileType = wrapper.cfbundle; includeInIndex = 0; path = TasksDemoUITests.xctest; sourceTree = BUILT_PRODUCTS_DIR; };
		D307578329229D5A0093B2BB /* TaskBootcamp.swift */ = {isa = PBXFileReference; lastKnownFileType = sourcecode.swift; path = TaskBootcamp.swift; sourceTree = "<group>"; };
/* End PBXFileReference section */

/* Begin PBXFrameworksBuildPhase section */
		D307575329229CC20093B2BB /* Frameworks */ = {
			isa = PBXFrameworksBuildPhase;
			buildActionMask = 2147483647;
			files = (
			);
			runOnlyForDeploymentPostprocessing = 0;
		};
		D307576329229CC30093B2BB /* Frameworks */ = {
			isa = PBXFrameworksBuildPhase;
			buildActionMask = 2147483647;
			files = (
			);
			runOnlyForDeploymentPostprocessing = 0;
		};
		D307576D29229CC30093B2BB /* Frameworks */ = {
			isa = PBXFrameworksBuildPhase;
			buildActionMask = 2147483647;
			files = (
			);
			runOnlyForDeploymentPostprocessing = 0;
		};
/* End PBXFrameworksBuildPhase section */

/* Begin PBXGroup section */
		D307574D29229CC20093B2BB = {
			isa = PBXGroup;
			children = (
				D307575829229CC20093B2BB /* TasksDemo */,
				D307575729229CC20093B2BB /* Products */,
			);
			sourceTree = "<group>";
		};
		D307575729229CC20093B2BB /* Products */ = {
			isa = PBXGroup;
			children = (
				D307575629229CC20093B2BB /* TasksDemo.app */,
				D307576629229CC30093B2BB /* TasksDemoTests.xctest */,
				D307577029229CC30093B2BB /* TasksDemoUITests.xctest */,
			);
			name = Products;
			sourceTree = "<group>";
		};
		D307575829229CC20093B2BB /* TasksDemo */ = {
			isa = PBXGroup;
			children = (
				D307575929229CC20093B2BB /* TasksDemoApp.swift */,
				D307575B29229CC20093B2BB /* ContentView.swift */,
				D307575D29229CC30093B2BB /* Assets.xcassets */,
				D307575F29229CC30093B2BB /* Preview Content */,
				D307578329229D5A0093B2BB /* TaskBootcamp.swift */,
			);
			path = TasksDemo;
			sourceTree = "<group>";
		};
		D307575F29229CC30093B2BB /* Preview Content */ = {
			isa = PBXGroup;
			children = (
				D307576029229CC30093B2BB /* Preview Assets.xcassets */,
			);
			path = "Preview Content";
			sourceTree = "<group>";
		};
/* End PBXGroup section */

/* Begin PBXNativeTarget section */
		D307575529229CC20093B2BB /* TasksDemo */ = {
			isa = PBXNativeTarget;
			buildConfigurationList = D307577A29229CC30093B2BB /* Build configuration list for PBXNativeTarget "TasksDemo" */;
			buildPhases = (
				D307575229229CC20093B2BB /* Sources */,
				D307575329229CC20093B2BB /* Frameworks */,
				D307575429229CC20093B2BB /* Resources */,
			);
			buildRules = (
			);
			dependencies = (
			);
			name = TasksDemo;
			productName = TasksDemo;
			productReference = D307575629229CC20093B2BB /* TasksDemo.app */;
			productType = "com.apple.product-type.application";
		};
		D307576529229CC30093B2BB /* TasksDemoTests */ = {
			isa = PBXNativeTarget;
			buildConfigurationList = D307577D29229CC30093B2BB /* Build configuration list for PBXNativeTarget "TasksDemoTests" */;
			buildPhases = (
				D307576229229CC30093B2BB /* Sources */,
				D307576329229CC30093B2BB /* Frameworks */,
				D307576429229CC30093B2BB /* Resources */,
			);
			buildRules = (
			);
			dependencies = (
				D307576829229CC30093B2BB /* PBXTargetDependency */,
			);
			name = TasksDemoTests;
			productName = TasksDemoTests;
			productReference = D307576629229CC30093B2BB /* TasksDemoTests.xctest */;
			productType = "com.apple.product-type.bundle.unit-test";
		};
		D307576F29229CC30093B2BB /* TasksDemoUITests */ = {
			isa = PBXNativeTarget;
			buildConfigurationList = D307578029229CC30093B2BB /* Build configuration list for PBXNativeTarget "TasksDemoUITests" */;
			buildPhases = (
				D307576C29229CC30093B2BB /* Sources */,
				D307576D29229CC30093B2BB /* Frameworks */,
				D307576E29229CC30093B2BB /* Resources */,
			);
			buildRules = (
			);
			dependencies = (
				D307577229229CC30093B2BB /* PBXTargetDependency */,
			);
			name = TasksDemoUITests;
			productName = TasksDemoUITests;
			productReference = D307577029229CC30093B2BB /* TasksDemoUITests.xctest */;
			productType = "com.apple.product-type.bundle.ui-testing";
		};
/* End PBXNativeTarget section */

/* Begin PBXProject section */
		D307574E29229CC20093B2BB /* Project object */ = {
			isa = PBXProject;
			attributes = {
				BuildIndependentTargetsInParallel = 1;
				LastSwiftUpdateCheck = 1410;
				LastUpgradeCheck = 1410;
				TargetAttributes = {
					D307575529229CC20093B2BB = {
						CreatedOnToolsVersion = 14.1;
					};
					D307576529229CC30093B2BB = {
						CreatedOnToolsVersion = 14.1;
						TestTargetID = D307575529229CC20093B2BB;
					};
					D307576F29229CC30093B2BB = {
						CreatedOnToolsVersion = 14.1;
						TestTargetID = D307575529229CC20093B2BB;
					};
				};
			};
			buildConfigurationList = D307575129229CC20093B2BB /* Build configuration list for PBXProject "TasksDemo" */;
			compatibilityVersion = "Xcode 14.0";
			developmentRegion = en;
			hasScannedForEncodings = 0;
			knownRegions = (
				en,
				Base,
			);
			mainGroup = D307574D29229CC20093B2BB;
			productRefGroup = D307575729229CC20093B2BB /* Products */;
			projectDirPath = "";
			projectRoot = "";
			targets = (
				D307575529229CC20093B2BB /* TasksDemo */,
				D307576529229CC30093B2BB /* TasksDemoTests */,
				D307576F29229CC30093B2BB /* TasksDemoUITests */,
			);
		};
/* End PBXProject section */

/* Begin PBXResourcesBuildPhase section */
		D307575429229CC20093B2BB /* Resources */ = {
			isa = PBXResourcesBuildPhase;
			buildActionMask = 2147483647;
			files = (
				D307576129229CC30093B2BB /* Preview Assets.xcassets in Resources */,
				D307575E29229CC30093B2BB /* Assets.xcassets in Resources */,
			);
			runOnlyForDeploymentPostprocessing = 0;
		};
		D307576429229CC30093B2BB /* Resources */ = {
			isa = PBXResourcesBuildPhase;
			buildActionMask = 2147483647;
			files = (
			);
			runOnlyForDeploymentPostprocessing = 0;
		};
		D307576E29229CC30093B2BB /* Resources */ = {
			isa = PBXResourcesBuildPhase;
			buildActionMask = 2147483647;
			files = (
			);
			runOnlyForDeploymentPostprocessing = 0;
		};
/* End PBXResourcesBuildPhase section */

/* Begin PBXSourcesBuildPhase section */
		D307575229229CC20093B2BB /* Sources */ = {
			isa = PBXSourcesBuildPhase;
			buildActionMask = 2147483647;
			files = (
				D307578429229D5A0093B2BB /* TaskBootcamp.swift in Sources */,
				D307575C29229CC20093B2BB /* ContentView.swift in Sources */,
				D307575A29229CC20093B2BB /* TasksDemoApp.swift in Sources */,
			);
			runOnlyForDeploymentPostprocessing = 0;
		};
		D307576229229CC30093B2BB /* Sources */ = {
			isa = PBXSourcesBuildPhase;
			buildActionMask = 2147483647;
			files = (
			);
			runOnlyForDeploymentPostprocessing = 0;
		};
		D307576C29229CC30093B2BB /* Sources */ = {
			isa = PBXSourcesBuildPhase;
			buildActionMask = 2147483647;
			files = (
			);
			runOnlyForDeploymentPostprocessing = 0;
		};
/* End PBXSourcesBuildPhase section */

/* Begin PBXTargetDependency section */
		D307576829229CC30093B2BB /* PBXTargetDependency */ = {
			isa = PBXTargetDependency;
			target = D307575529229CC20093B2BB /* TasksDemo */;
			targetProxy = D307576729229CC30093B2BB /* PBXContainerItemProxy */;
		};
		D307577229229CC30093B2BB /* PBXTargetDependency */ = {
			isa = PBXTargetDependency;
			target = D307575529229CC20093B2BB /* TasksDemo */;
			targetProxy = D307577129229CC30093B2BB /* PBXContainerItemProxy */;
		};
/* End PBXTargetDependency section */

/* Begin XCBuildConfiguration section */
		D307577829229CC30093B2BB /* Debug */ = {
			isa = XCBuildConfiguration;
			buildSettings = {
				ALWAYS_SEARCH_USER_PATHS = NO;
				CLANG_ANALYZER_NONNULL = YES;
				CLANG_ANALYZER_NUMBER_OBJECT_CONVERSION = YES_AGGRESSIVE;
				CLANG_CXX_LANGUAGE_STANDARD = "gnu++20";
				CLANG_ENABLE_MODULES = YES;
				CLANG_ENABLE_OBJC_ARC = YES;
				CLANG_ENABLE_OBJC_WEAK = YES;
				CLANG_WARN_BLOCK_CAPTURE_AUTORELEASING = YES;
				CLANG_WARN_BOOL_CONVERSION = YES;
				CLANG_WARN_COMMA = YES;
				CLANG_WARN_CONSTANT_CONVERSION = YES;
				CLANG_WARN_DEPRECATED_OBJC_IMPLEMENTATIONS = YES;
				CLANG_WARN_DIRECT_OBJC_ISA_USAGE = YES_ERROR;
				CLANG_WARN_DOCUMENTATION_COMMENTS = YES;
				CLANG_WARN_EMPTY_BODY = YES;
				CLANG_WARN_ENUM_CONVERSION = YES;
				CLANG_WARN_INFINITE_RECURSION = YES;
				CLANG_WARN_INT_CONVERSION = YES;
				CLANG_WARN_NON_LITERAL_NULL_CONVERSION = YES;
				CLANG_WARN_OBJC_IMPLICIT_RETAIN_SELF = YES;
				CLANG_WARN_OBJC_LITERAL_CONVERSION = YES;
				CLANG_WARN_OBJC_ROOT_CLASS = YES_ERROR;
				CLANG_WARN_QUOTED_INCLUDE_IN_FRAMEWORK_HEADER = YES;
				CLANG_WARN_RANGE_LOOP_ANALYSIS = YES;
				CLANG_WARN_STRICT_PROTOTYPES = YES;
				CLANG_WARN_SUSPICIOUS_MOVE = YES;
				CLANG_WARN_UNGUARDED_AVAILABILITY = YES_AGGRESSIVE;
				CLANG_WARN_UNREACHABLE_CODE = YES;
				CLANG_WARN__DUPLICATE_METHOD_MATCH = YES;
				COPY_PHASE_STRIP = NO;
				DEBUG_INFORMATION_FORMAT = dwarf;
				ENABLE_STRICT_OBJC_MSGSEND = YES;
				ENABLE_TESTABILITY = YES;
				GCC_C_LANGUAGE_STANDARD = gnu11;
				GCC_DYNAMIC_NO_PIC = NO;
				GCC_NO_COMMON_BLOCKS = YES;
				GCC_OPTIMIZATION_LEVEL = 0;
				GCC_PREPROCESSOR_DEFINITIONS = (
					"DEBUG=1",
					"$(inherited)",
				);
				GCC_WARN_64_TO_32_BIT_CONVERSION = YES;
				GCC_WARN_ABOUT_RETURN_TYPE = YES_ERROR;
				GCC_WARN_UNDECLARED_SELECTOR = YES;
				GCC_WARN_UNINITIALIZED_AUTOS = YES_AGGRESSIVE;
				GCC_WARN_UNUSED_FUNCTION = YES;
				GCC_WARN_UNUSED_VARIABLE = YES;
				IPHONEOS_DEPLOYMENT_TARGET = 16.1;
				MTL_ENABLE_DEBUG_INFO = INCLUDE_SOURCE;
				MTL_FAST_MATH = YES;
				ONLY_ACTIVE_ARCH = YES;
				SDKROOT = iphoneos;
				SWIFT_ACTIVE_COMPILATION_CONDITIONS = DEBUG;
				SWIFT_OPTIMIZATION_LEVEL = "-Onone";
			};
			name = Debug;
		};
		D307577929229CC30093B2BB /* Release */ = {
			isa = XCBuildConfiguration;
			buildSettings = {
				ALWAYS_SEARCH_USER_PATHS = NO;
				CLANG_ANALYZER_NONNULL = YES;
				CLANG_ANALYZER_NUMBER_OBJECT_CONVERSION = YES_AGGRESSIVE;
				CLANG_CXX_LANGUAGE_STANDARD = "gnu++20";
				CLANG_ENABLE_MODULES = YES;
				CLANG_ENABLE_OBJC_ARC = YES;
				CLANG_ENABLE_OBJC_WEAK = YES;
				CLANG_WARN_BLOCK_CAPTURE_AUTORELEASING = YES;
				CLANG_WARN_BOOL_CONVERSION = YES;
				CLANG_WARN_COMMA = YES;
				CLANG_WARN_CONSTANT_CONVERSION = YES;
				CLANG_WARN_DEPRECATED_OBJC_IMPLEMENTATIONS = YES;
				CLANG_WARN_DIRECT_OBJC_ISA_USAGE = YES_ERROR;
				CLANG_WARN_DOCUMENTATION_COMMENTS = YES;
				CLANG_WARN_EMPTY_BODY = YES;
				CLANG_WARN_ENUM_CONVERSION = YES;
				CLANG_WARN_INFINITE_RECURSION = YES;
				CLANG_WARN_INT_CONVERSION = YES;
				CLANG_WARN_NON_LITERAL_NULL_CONVERSION = YES;
				CLANG_WARN_OBJC_IMPLICIT_RETAIN_SELF = YES;
				CLANG_WARN_OBJC_LITERAL_CONVERSION = YES;
				CLANG_WARN_OBJC_ROOT_CLASS = YES_ERROR;
				CLANG_WARN_QUOTED_INCLUDE_IN_FRAMEWORK_HEADER = YES;
				CLANG_WARN_RANGE_LOOP_ANALYSIS = YES;
				CLANG_WARN_STRICT_PROTOTYPES = YES;
				CLANG_WARN_SUSPICIOUS_MOVE = YES;
				CLANG_WARN_UNGUARDED_AVAILABILITY = YES_AGGRESSIVE;
				CLANG_WARN_UNREACHABLE_CODE = YES;
				CLANG_WARN__DUPLICATE_METHOD_MATCH = YES;
				COPY_PHASE_STRIP = NO;
				DEBUG_INFORMATION_FORMAT = "dwarf-with-dsym";
				ENABLE_NS_ASSERTIONS = NO;
				ENABLE_STRICT_OBJC_MSGSEND = YES;
				GCC_C_LANGUAGE_STANDARD = gnu11;
				GCC_NO_COMMON_BLOCKS = YES;
				GCC_WARN_64_TO_32_BIT_CONVERSION = YES;
				GCC_WARN_ABOUT_RETURN_TYPE = YES_ERROR;
				GCC_WARN_UNDECLARED_SELECTOR = YES;
				GCC_WARN_UNINITIALIZED_AUTOS = YES_AGGRESSIVE;
				GCC_WARN_UNUSED_FUNCTION = YES;
				GCC_WARN_UNUSED_VARIABLE = YES;
				IPHONEOS_DEPLOYMENT_TARGET = 16.1;
				MTL_ENABLE_DEBUG_INFO = NO;
				MTL_FAST_MATH = YES;
				SDKROOT = iphoneos;
				SWIFT_COMPILATION_MODE = wholemodule;
				SWIFT_OPTIMIZATION_LEVEL = "-O";
				VALIDATE_PRODUCT = YES;
			};
			name = Release;
		};
		D307577B29229CC30093B2BB /* Debug */ = {
			isa = XCBuildConfiguration;
			buildSettings = {
				ASSETCATALOG_COMPILER_APPICON_NAME = AppIcon;
				ASSETCATALOG_COMPILER_GLOBAL_ACCENT_COLOR_NAME = AccentColor;
				CODE_SIGN_STYLE = Automatic;
				CURRENT_PROJECT_VERSION = 1;
				DEVELOPMENT_ASSET_PATHS = "\"TasksDemo/Preview Content\"";
				ENABLE_PREVIEWS = YES;
				GENERATE_INFOPLIST_FILE = YES;
				INFOPLIST_KEY_UIApplicationSceneManifest_Generation = YES;
				INFOPLIST_KEY_UIApplicationSupportsIndirectInputEvents = YES;
				INFOPLIST_KEY_UILaunchScreen_Generation = YES;
				INFOPLIST_KEY_UISupportedInterfaceOrientations_iPad = "UIInterfaceOrientationPortrait UIInterfaceOrientationPortraitUpsideDown UIInterfaceOrientationLandscapeLeft UIInterfaceOrientationLandscapeRight";
				INFOPLIST_KEY_UISupportedInterfaceOrientations_iPhone = "UIInterfaceOrientationPortrait UIInterfaceOrientationLandscapeLeft UIInterfaceOrientationLandscapeRight";
				LD_RUNPATH_SEARCH_PATHS = (
					"$(inherited)",
					"@executable_path/Frameworks",
				);
				MARKETING_VERSION = 1.0;
				PRODUCT_BUNDLE_IDENTIFIER = adam.TasksDemo;
				PRODUCT_NAME = "$(TARGET_NAME)";
				SWIFT_EMIT_LOC_STRINGS = YES;
				SWIFT_VERSION = 5.0;
				TARGETED_DEVICE_FAMILY = "1,2";
			};
			name = Debug;
		};
		D307577C29229CC30093B2BB /* Release */ = {
			isa = XCBuildConfiguration;
			buildSettings = {
				ASSETCATALOG_COMPILER_APPICON_NAME = AppIcon;
				ASSETCATALOG_COMPILER_GLOBAL_ACCENT_COLOR_NAME = AccentColor;
				CODE_SIGN_STYLE = Automatic;
				CURRENT_PROJECT_VERSION = 1;
				DEVELOPMENT_ASSET_PATHS = "\"TasksDemo/Preview Content\"";
				ENABLE_PREVIEWS = YES;
				GENERATE_INFOPLIST_FILE = YES;
				INFOPLIST_KEY_UIApplicationSceneManifest_Generation = YES;
				INFOPLIST_KEY_UIApplicationSupportsIndirectInputEvents = YES;
				INFOPLIST_KEY_UILaunchScreen_Generation = YES;
				INFOPLIST_KEY_UISupportedInterfaceOrientations_iPad = "UIInterfaceOrientationPortrait UIInterfaceOrientationPortraitUpsideDown UIInterfaceOrientationLandscapeLeft UIInterfaceOrientationLandscapeRight";
				INFOPLIST_KEY_UISupportedInterfaceOrientations_iPhone = "UIInterfaceOrientationPortrait UIInterfaceOrientationLandscapeLeft UIInterfaceOrientationLandscapeRight";
				LD_RUNPATH_SEARCH_PATHS = (
					"$(inherited)",
					"@executable_path/Frameworks",
				);
				MARKETING_VERSION = 1.0;
				PRODUCT_BUNDLE_IDENTIFIER = adam.TasksDemo;
				PRODUCT_NAME = "$(TARGET_NAME)";
				SWIFT_EMIT_LOC_STRINGS = YES;
				SWIFT_VERSION = 5.0;
				TARGETED_DEVICE_FAMILY = "1,2";
			};
			name = Release;
		};
		D307577E29229CC30093B2BB /* Debug */ = {
			isa = XCBuildConfiguration;
			buildSettings = {
				ALWAYS_EMBED_SWIFT_STANDARD_LIBRARIES = YES;
				BUNDLE_LOADER = "$(TEST_HOST)";
				CODE_SIGN_STYLE = Automatic;
				CURRENT_PROJECT_VERSION = 1;
				GENERATE_INFOPLIST_FILE = YES;
				IPHONEOS_DEPLOYMENT_TARGET = 16.1;
				MARKETING_VERSION = 1.0;
				PRODUCT_BUNDLE_IDENTIFIER = adam.TasksDemoTests;
				PRODUCT_NAME = "$(TARGET_NAME)";
				SWIFT_EMIT_LOC_STRINGS = NO;
				SWIFT_VERSION = 5.0;
				TARGETED_DEVICE_FAMILY = "1,2";
				TEST_HOST = "$(BUILT_PRODUCTS_DIR)/TasksDemo.app/$(BUNDLE_EXECUTABLE_FOLDER_PATH)/TasksDemo";
			};
			name = Debug;
		};
		D307577F29229CC30093B2BB /* Release */ = {
			isa = XCBuildConfiguration;
			buildSettings = {
				ALWAYS_EMBED_SWIFT_STANDARD_LIBRARIES = YES;
				BUNDLE_LOADER = "$(TEST_HOST)";
				CODE_SIGN_STYLE = Automatic;
				CURRENT_PROJECT_VERSION = 1;
				GENERATE_INFOPLIST_FILE = YES;
				IPHONEOS_DEPLOYMENT_TARGET = 16.1;
				MARKETING_VERSION = 1.0;
				PRODUCT_BUNDLE_IDENTIFIER = adam.TasksDemoTests;
				PRODUCT_NAME = "$(TARGET_NAME)";
				SWIFT_EMIT_LOC_STRINGS = NO;
				SWIFT_VERSION = 5.0;
				TARGETED_DEVICE_FAMILY = "1,2";
				TEST_HOST = "$(BUILT_PRODUCTS_DIR)/TasksDemo.app/$(BUNDLE_EXECUTABLE_FOLDER_PATH)/TasksDemo";
			};
			name = Release;
		};
		D307578129229CC30093B2BB /* Debug */ = {
			isa = XCBuildConfiguration;
			buildSettings = {
				ALWAYS_EMBED_SWIFT_STANDARD_LIBRARIES = YES;
				CODE_SIGN_STYLE = Automatic;
				CURRENT_PROJECT_VERSION = 1;
				GENERATE_INFOPLIST_FILE = YES;
				MARKETING_VERSION = 1.0;
				PRODUCT_BUNDLE_IDENTIFIER = adam.TasksDemoUITests;
				PRODUCT_NAME = "$(TARGET_NAME)";
				SWIFT_EMIT_LOC_STRINGS = NO;
				SWIFT_VERSION = 5.0;
				TARGETED_DEVICE_FAMILY = "1,2";
				TEST_TARGET_NAME = TasksDemo;
			};
			name = Debug;
		};
		D307578229229CC30093B2BB /* Release */ = {
			isa = XCBuildConfiguration;
			buildSettings = {
				ALWAYS_EMBED_SWIFT_STANDARD_LIBRARIES = YES;
				CODE_SIGN_STYLE = Automatic;
				CURRENT_PROJECT_VERSION = 1;
				GENERATE_INFOPLIST_FILE = YES;
				MARKETING_VERSION = 1.0;
				PRODUCT_BUNDLE_IDENTIFIER = adam.TasksDemoUITests;
				PRODUCT_NAME = "$(TARGET_NAME)";
				SWIFT_EMIT_LOC_STRINGS = NO;
				SWIFT_VERSION = 5.0;
				TARGETED_DEVICE_FAMILY = "1,2";
				TEST_TARGET_NAME = TasksDemo;
			};
			name = Release;
		};
/* End XCBuildConfiguration section */

/* Begin XCConfigurationList section */
		D307575129229CC20093B2BB /* Build configuration list for PBXProject "TasksDemo" */ = {
			isa = XCConfigurationList;
			buildConfigurations = (
				D307577829229CC30093B2BB /* Debug */,
				D307577929229CC30093B2BB /* Release */,
			);
			defaultConfigurationIsVisible = 0;
			defaultConfigurationName = Release;
		};
		D307577A29229CC30093B2BB /* Build configuration list for PBXNativeTarget "TasksDemo" */ = {
			isa = XCConfigurationList;
			buildConfigurations = (
				D307577B29229CC30093B2BB /* Debug */,
				D307577C29229CC30093B2BB /* Release */,
			);
			defaultConfigurationIsVisible = 0;
			defaultConfigurationName = Release;
		};
		D307577D29229CC30093B2BB /* Build configuration list for PBXNativeTarget "TasksDemoTests" */ = {
			isa = XCConfigurationList;
			buildConfigurations = (
				D307577E29229CC30093B2BB /* Debug */,
				D307577F29229CC30093B2BB /* Release */,
			);
			defaultConfigurationIsVisible = 0;
			defaultConfigurationName = Release;
		};
		D307578029229CC30093B2BB /* Build configuration list for PBXNativeTarget "TasksDemoUITests" */ = {
			isa = XCConfigurationList;
			buildConfigurations = (
				D307578129229CC30093B2BB /* Debug */,
				D307578229229CC30093B2BB /* Release */,
			);
			defaultConfigurationIsVisible = 0;
			defaultConfigurationName = Release;
		};
/* End XCConfigurationList section */
	};
	rootObject = D307574E29229CC20093B2BB /* Project object */;
}
